
Microsoft Visual Studio Solution File, Format Version 12.00
# Visual Studio 15
VisualStudioVersion = 15.0.27130.2010
MinimumVisualStudioVersion = 10.0.40219.1
Project("{9A19103F-16F7-4668-BE54-9A1E7A4F7556}") = "TryVueMvc", "TryVueMvc\TryVueMvc.csproj", "{CE307A49-5E7C-4260-B332-43CA09174320}"
EndProject
Project("{2150E333-8FDC-42A3-9474-1A3956D46DE8}") = "Solution items", "Solution items", "{438EECCE-FE30-404F-917A-E620365A3B72}"
	ProjectSection(SolutionItems) = preProject
		LICENSE = LICENSE
		README.md = README.md
		README.ru-ru.md = README.ru-ru.md
	EndProjectSection
EndProject
Project("{FAE04EC0-301F-11D3-BF4B-00C04F79EFBC}") = "TryVueMvcDecorator", "TryVueMvcDecorator\TryVueMvcDecorator.csproj", "{225E9391-A9C3-47E7-B853-F4617A669B56}"
EndProject
Global
	GlobalSection(SolutionConfigurationPlatforms) = preSolution
		Debug|Any CPU = Debug|Any CPU
		Release|Any CPU = Release|Any CPU
	EndGlobalSection
	GlobalSection(ProjectConfigurationPlatforms) = postSolution
		{CE307A49-5E7C-4260-B332-43CA09174320}.Debug|Any CPU.ActiveCfg = Debug|Any CPU
		{CE307A49-5E7C-4260-B332-43CA09174320}.Debug|Any CPU.Build.0 = Debug|Any CPU
		{CE307A49-5E7C-4260-B332-43CA09174320}.Release|Any CPU.ActiveCfg = Release|Any CPU
		{CE307A49-5E7C-4260-B332-43CA09174320}.Release|Any CPU.Build.0 = Release|Any CPU
		{225E9391-A9C3-47E7-B853-F4617A669B56}.Debug|Any CPU.ActiveCfg = Debug|Any CPU
		{225E9391-A9C3-47E7-B853-F4617A669B56}.Debug|Any CPU.Build.0 = Debug|Any CPU
		{225E9391-A9C3-47E7-B853-F4617A669B56}.Release|Any CPU.ActiveCfg = Release|Any CPU
		{225E9391-A9C3-47E7-B853-F4617A669B56}.Release|Any CPU.Build.0 = Release|Any CPU
	EndGlobalSection
	GlobalSection(SolutionProperties) = preSolution
		HideSolutionNode = FALSE
	EndGlobalSection
	GlobalSection(ExtensibilityGlobals) = postSolution
		SolutionGuid = {443FCF20-28BB-4B71-B219-48638EFE2D1B}
	EndGlobalSection
EndGlobal
